// !$*UTF8*$!
{
	archiveVersion = 1;
	classes = {
	};
	objectVersion = 50;
	objects = {

/* Begin PBXBuildFile section */
		B5689C76263624EE0052908F /* AppDelegate.swift in Sources */ = {isa = PBXBuildFile; fileRef = B5689C75263624EE0052908F /* AppDelegate.swift */; };
		B5689C78263624EE0052908F /* SceneDelegate.swift in Sources */ = {isa = PBXBuildFile; fileRef = B5689C77263624EE0052908F /* SceneDelegate.swift */; };
		B5689C7A263624EE0052908F /* ContentView.swift in Sources */ = {isa = PBXBuildFile; fileRef = B5689C79263624EE0052908F /* ContentView.swift */; };
		B5689C7C263624F00052908F /* Assets.xcassets in Resources */ = {isa = PBXBuildFile; fileRef = B5689C7B263624F00052908F /* Assets.xcassets */; };
		B5689C7F263624F00052908F /* Preview Assets.xcassets in Resources */ = {isa = PBXBuildFile; fileRef = B5689C7E263624F00052908F /* Preview Assets.xcassets */; };
		B5689C82263624F00052908F /* LaunchScreen.storyboard in Resources */ = {isa = PBXBuildFile; fileRef = B5689C80263624F00052908F /* LaunchScreen.storyboard */; };
		B5689C8D263624F00052908F /* moodCalendarTests.swift in Sources */ = {isa = PBXBuildFile; fileRef = B5689C8C263624F00052908F /* moodCalendarTests.swift */; };
		B5689C98263624F00052908F /* moodCalendarUITests.swift in Sources */ = {isa = PBXBuildFile; fileRef = B5689C97263624F00052908F /* moodCalendarUITests.swift */; };
/* End PBXBuildFile section */

/* Begin PBXContainerItemProxy section */
		B5689C89263624F00052908F /* PBXContainerItemProxy */ = {
			isa = PBXContainerItemProxy;
			containerPortal = B5689C6A263624EE0052908F /* Project object */;
			proxyType = 1;
			remoteGlobalIDString = B5689C71263624EE0052908F;
			remoteInfo = moodCalendar;
		};
		B5689C94263624F00052908F /* PBXContainerItemProxy */ = {
			isa = PBXContainerItemProxy;
			containerPortal = B5689C6A263624EE0052908F /* Project object */;
			proxyType = 1;
			remoteGlobalIDString = B5689C71263624EE0052908F;
			remoteInfo = moodCalendar;
		};
/* End PBXContainerItemProxy section */

/* Begin PBXFileReference section */
		B5689C72263624EE0052908F /* moodCalendar.app */ = {isa = PBXFileReference; explicitFileType = wrapper.application; includeInIndex = 0; path = moodCalendar.app; sourceTree = BUILT_PRODUCTS_DIR; };
		B5689C75263624EE0052908F /* AppDelegate.swift */ = {isa = PBXFileReference; lastKnownFileType = sourcecode.swift; path = AppDelegate.swift; sourceTree = "<group>"; };
		B5689C77263624EE0052908F /* SceneDelegate.swift */ = {isa = PBXFileReference; lastKnownFileType = sourcecode.swift; path = SceneDelegate.swift; sourceTree = "<group>"; };
		B5689C79263624EE0052908F /* ContentView.swift */ = {isa = PBXFileReference; lastKnownFileType = sourcecode.swift; path = ContentView.swift; sourceTree = "<group>"; };
		B5689C7B263624F00052908F /* Assets.xcassets */ = {isa = PBXFileReference; lastKnownFileType = folder.assetcatalog; path = Assets.xcassets; sourceTree = "<group>"; };
		B5689C7E263624F00052908F /* Preview Assets.xcassets */ = {isa = PBXFileReference; lastKnownFileType = folder.assetcatalog; path = "Preview Assets.xcassets"; sourceTree = "<group>"; };
		B5689C81263624F00052908F /* Base */ = {isa = PBXFileReference; lastKnownFileType = file.storyboard; name = Base; path = Base.lproj/LaunchScreen.storyboard; sourceTree = "<group>"; };
		B5689C83263624F00052908F /* Info.plist */ = {isa = PBXFileReference; lastKnownFileType = text.plist.xml; path = Info.plist; sourceTree = "<group>"; };
		B5689C88263624F00052908F /* moodCalendarTests.xctest */ = {isa = PBXFileReference; explicitFileType = wrapper.cfbundle; includeInIndex = 0; path = moodCalendarTests.xctest; sourceTree = BUILT_PRODUCTS_DIR; };
		B5689C8C263624F00052908F /* moodCalendarTests.swift */ = {isa = PBXFileReference; lastKnownFileType = sourcecode.swift; path = moodCalendarTests.swift; sourceTree = "<group>"; };
		B5689C8E263624F00052908F /* Info.plist */ = {isa = PBXFileReference; lastKnownFileType = text.plist.xml; path = Info.plist; sourceTree = "<group>"; };
		B5689C93263624F00052908F /* moodCalendarUITests.xctest */ = {isa = PBXFileReference; explicitFileType = wrapper.cfbundle; includeInIndex = 0; path = moodCalendarUITests.xctest; sourceTree = BUILT_PRODUCTS_DIR; };
		B5689C97263624F00052908F /* moodCalendarUITests.swift */ = {isa = PBXFileReference; lastKnownFileType = sourcecode.swift; path = moodCalendarUITests.swift; sourceTree = "<group>"; };
		B5689C99263624F00052908F /* Info.plist */ = {isa = PBXFileReference; lastKnownFileType = text.plist.xml; path = Info.plist; sourceTree = "<group>"; };
/* End PBXFileReference section */

/* Begin PBXFrameworksBuildPhase section */
		B5689C6F263624EE0052908F /* Frameworks */ = {
			isa = PBXFrameworksBuildPhase;
			buildActionMask = 2147483647;
			files = (
			);
			runOnlyForDeploymentPostprocessing = 0;
		};
		B5689C85263624F00052908F /* Frameworks */ = {
			isa = PBXFrameworksBuildPhase;
			buildActionMask = 2147483647;
			files = (
			);
			runOnlyForDeploymentPostprocessing = 0;
		};
		B5689C90263624F00052908F /* Frameworks */ = {
			isa = PBXFrameworksBuildPhase;
			buildActionMask = 2147483647;
			files = (
			);
			runOnlyForDeploymentPostprocessing = 0;
		};
/* End PBXFrameworksBuildPhase section */

/* Begin PBXGroup section */
		B5689C69263624EE0052908F = {
			isa = PBXGroup;
			children = (
				B5689C74263624EE0052908F /* moodCalendar */,
				B5689C8B263624F00052908F /* moodCalendarTests */,
				B5689C96263624F00052908F /* moodCalendarUITests */,
				B5689C73263624EE0052908F /* Products */,
			);
			sourceTree = "<group>";
		};
		B5689C73263624EE0052908F /* Products */ = {
			isa = PBXGroup;
			children = (
				B5689C72263624EE0052908F /* moodCalendar.app */,
				B5689C88263624F00052908F /* moodCalendarTests.xctest */,
				B5689C93263624F00052908F /* moodCalendarUITests.xctest */,
			);
			name = Products;
			sourceTree = "<group>";
		};
		B5689C74263624EE0052908F /* moodCalendar */ = {
			isa = PBXGroup;
			children = (
				B5689C75263624EE0052908F /* AppDelegate.swift */,
				B5689C77263624EE0052908F /* SceneDelegate.swift */,
				B5689C79263624EE0052908F /* ContentView.swift */,
				B5689C7B263624F00052908F /* Assets.xcassets */,
				B5689C80263624F00052908F /* LaunchScreen.storyboard */,
				B5689C83263624F00052908F /* Info.plist */,
				B5689C7D263624F00052908F /* Preview Content */,
			);
			path = moodCalendar;
			sourceTree = "<group>";
		};
		B5689C7D263624F00052908F /* Preview Content */ = {
			isa = PBXGroup;
			children = (
				B5689C7E263624F00052908F /* Preview Assets.xcassets */,
			);
			path = "Preview Content";
			sourceTree = "<group>";
		};
		B5689C8B263624F00052908F /* moodCalendarTests */ = {
			isa = PBXGroup;
			children = (
				B5689C8C263624F00052908F /* moodCalendarTests.swift */,
				B5689C8E263624F00052908F /* Info.plist */,
			);
			path = moodCalendarTests;
			sourceTree = "<group>";
		};
		B5689C96263624F00052908F /* moodCalendarUITests */ = {
			isa = PBXGroup;
			children = (
				B5689C97263624F00052908F /* moodCalendarUITests.swift */,
				B5689C99263624F00052908F /* Info.plist */,
			);
			path = moodCalendarUITests;
			sourceTree = "<group>";
		};
/* End PBXGroup section */

/* Begin PBXNativeTarget section */
		B5689C71263624EE0052908F /* moodCalendar */ = {
			isa = PBXNativeTarget;
			buildConfigurationList = B5689C9C263624F00052908F /* Build configuration list for PBXNativeTarget "moodCalendar" */;
			buildPhases = (
				B5689C6E263624EE0052908F /* Sources */,
				B5689C6F263624EE0052908F /* Frameworks */,
				B5689C70263624EE0052908F /* Resources */,
			);
			buildRules = (
			);
			dependencies = (
			);
			name = moodCalendar;
			productName = moodCalendar;
			productReference = B5689C72263624EE0052908F /* moodCalendar.app */;
			productType = "com.apple.product-type.application";
		};
		B5689C87263624F00052908F /* moodCalendarTests */ = {
			isa = PBXNativeTarget;
			buildConfigurationList = B5689C9F263624F00052908F /* Build configuration list for PBXNativeTarget "moodCalendarTests" */;
			buildPhases = (
				B5689C84263624F00052908F /* Sources */,
				B5689C85263624F00052908F /* Frameworks */,
				B5689C86263624F00052908F /* Resources */,
			);
			buildRules = (
			);
			dependencies = (
				B5689C8A263624F00052908F /* PBXTargetDependency */,
			);
			name = moodCalendarTests;
			productName = moodCalendarTests;
			productReference = B5689C88263624F00052908F /* moodCalendarTests.xctest */;
			productType = "com.apple.product-type.bundle.unit-test";
		};
		B5689C92263624F00052908F /* moodCalendarUITests */ = {
			isa = PBXNativeTarget;
			buildConfigurationList = B5689CA2263624F00052908F /* Build configuration list for PBXNativeTarget "moodCalendarUITests" */;
			buildPhases = (
				B5689C8F263624F00052908F /* Sources */,
				B5689C90263624F00052908F /* Frameworks */,
				B5689C91263624F00052908F /* Resources */,
			);
			buildRules = (
			);
			dependencies = (
				B5689C95263624F00052908F /* PBXTargetDependency */,
			);
			name = moodCalendarUITests;
			productName = moodCalendarUITests;
			productReference = B5689C93263624F00052908F /* moodCalendarUITests.xctest */;
			productType = "com.apple.product-type.bundle.ui-testing";
		};
/* End PBXNativeTarget section */

/* Begin PBXProject section */
		B5689C6A263624EE0052908F /* Project object */ = {
			isa = PBXProject;
			attributes = {
				LastSwiftUpdateCheck = 1240;
				LastUpgradeCheck = 1240;
				TargetAttributes = {
					B5689C71263624EE0052908F = {
						CreatedOnToolsVersion = 12.4;
					};
					B5689C87263624F00052908F = {
						CreatedOnToolsVersion = 12.4;
						TestTargetID = B5689C71263624EE0052908F;
					};
					B5689C92263624F00052908F = {
						CreatedOnToolsVersion = 12.4;
						TestTargetID = B5689C71263624EE0052908F;
					};
				};
			};
			buildConfigurationList = B5689C6D263624EE0052908F /* Build configuration list for PBXProject "moodCalendar" */;
			compatibilityVersion = "Xcode 9.3";
			developmentRegion = en;
			hasScannedForEncodings = 0;
			knownRegions = (
				en,
				Base,
			);
			mainGroup = B5689C69263624EE0052908F;
			productRefGroup = B5689C73263624EE0052908F /* Products */;
			projectDirPath = "";
			projectRoot = "";
			targets = (
				B5689C71263624EE0052908F /* moodCalendar */,
				B5689C87263624F00052908F /* moodCalendarTests */,
				B5689C92263624F00052908F /* moodCalendarUITests */,
			);
		};
/* End PBXProject section */

/* Begin PBXResourcesBuildPhase section */
		B5689C70263624EE0052908F /* Resources */ = {
			isa = PBXResourcesBuildPhase;
			buildActionMask = 2147483647;
			files = (
				B5689C82263624F00052908F /* LaunchScreen.storyboard in Resources */,
				B5689C7F263624F00052908F /* Preview Assets.xcassets in Resources */,
				B5689C7C263624F00052908F /* Assets.xcassets in Resources */,
			);
			runOnlyForDeploymentPostprocessing = 0;
		};
		B5689C86263624F00052908F /* Resources */ = {
			isa = PBXResourcesBuildPhase;
			buildActionMask = 2147483647;
			files = (
			);
			runOnlyForDeploymentPostprocessing = 0;
		};
		B5689C91263624F00052908F /* Resources */ = {
			isa = PBXResourcesBuildPhase;
			buildActionMask = 2147483647;
			files = (
			);
			runOnlyForDeploymentPostprocessing = 0;
		};
/* End PBXResourcesBuildPhase section */

/* Begin PBXSourcesBuildPhase section */
		B5689C6E263624EE0052908F /* Sources */ = {
			isa = PBXSourcesBuildPhase;
			buildActionMask = 2147483647;
			files = (
				B5689C76263624EE0052908F /* AppDelegate.swift in Sources */,
				B5689C78263624EE0052908F /* SceneDelegate.swift in Sources */,
				B5689C7A263624EE0052908F /* ContentView.swift in Sources */,
			);
			runOnlyForDeploymentPostprocessing = 0;
		};
		B5689C84263624F00052908F /* Sources */ = {
			isa = PBXSourcesBuildPhase;
			buildActionMask = 2147483647;
			files = (
				B5689C8D263624F00052908F /* moodCalendarTests.swift in Sources */,
			);
			runOnlyForDeploymentPostprocessing = 0;
		};
		B5689C8F263624F00052908F /* Sources */ = {
			isa = PBXSourcesBuildPhase;
			buildActionMask = 2147483647;
			files = (
				B5689C98263624F00052908F /* moodCalendarUITests.swift in Sources */,
			);
			runOnlyForDeploymentPostprocessing = 0;
		};
/* End PBXSourcesBuildPhase section */

/* Begin PBXTargetDependency section */
		B5689C8A263624F00052908F /* PBXTargetDependency */ = {
			isa = PBXTargetDependency;
			target = B5689C71263624EE0052908F /* moodCalendar */;
			targetProxy = B5689C89263624F00052908F /* PBXContainerItemProxy */;
		};
		B5689C95263624F00052908F /* PBXTargetDependency */ = {
			isa = PBXTargetDependency;
			target = B5689C71263624EE0052908F /* moodCalendar */;
			targetProxy = B5689C94263624F00052908F /* PBXContainerItemProxy */;
		};
/* End PBXTargetDependency section */

/* Begin PBXVariantGroup section */
		B5689C80263624F00052908F /* LaunchScreen.storyboard */ = {
			isa = PBXVariantGroup;
			children = (
				B5689C81263624F00052908F /* Base */,
			);
			name = LaunchScreen.storyboard;
			sourceTree = "<group>";
		};
/* End PBXVariantGroup section */

/* Begin XCBuildConfiguration section */
		B5689C9A263624F00052908F /* Debug */ = {
			isa = XCBuildConfiguration;
			buildSettings = {
				ALWAYS_SEARCH_USER_PATHS = NO;
				CLANG_ANALYZER_NONNULL = YES;
				CLANG_ANALYZER_NUMBER_OBJECT_CONVERSION = YES_AGGRESSIVE;
				CLANG_CXX_LANGUAGE_STANDARD = "gnu++14";
				CLANG_CXX_LIBRARY = "libc++";
				CLANG_ENABLE_MODULES = YES;
				CLANG_ENABLE_OBJC_ARC = YES;
				CLANG_ENABLE_OBJC_WEAK = YES;
				CLANG_WARN_BLOCK_CAPTURE_AUTORELEASING = YES;
				CLANG_WARN_BOOL_CONVERSION = YES;
				CLANG_WARN_COMMA = YES;
				CLANG_WARN_CONSTANT_CONVERSION = YES;
				CLANG_WARN_DEPRECATED_OBJC_IMPLEMENTATIONS = YES;
				CLANG_WARN_DIRECT_OBJC_ISA_USAGE = YES_ERROR;
				CLANG_WARN_DOCUMENTATION_COMMENTS = YES;
				CLANG_WARN_EMPTY_BODY = YES;
				CLANG_WARN_ENUM_CONVERSION = YES;
				CLANG_WARN_INFINITE_RECURSION = YES;
				CLANG_WARN_INT_CONVERSION = YES;
				CLANG_WARN_NON_LITERAL_NULL_CONVERSION = YES;
				CLANG_WARN_OBJC_IMPLICIT_RETAIN_SELF = YES;
				CLANG_WARN_OBJC_LITERAL_CONVERSION = YES;
				CLANG_WARN_OBJC_ROOT_CLASS = YES_ERROR;
				CLANG_WARN_QUOTED_INCLUDE_IN_FRAMEWORK_HEADER = YES;
				CLANG_WARN_RANGE_LOOP_ANALYSIS = YES;
				CLANG_WARN_STRICT_PROTOTYPES = YES;
				CLANG_WARN_SUSPICIOUS_MOVE = YES;
				CLANG_WARN_UNGUARDED_AVAILABILITY = YES_AGGRESSIVE;
				CLANG_WARN_UNREACHABLE_CODE = YES;
				CLANG_WARN__DUPLICATE_METHOD_MATCH = YES;
				COPY_PHASE_STRIP = NO;
				DEBUG_INFORMATION_FORMAT = dwarf;
				ENABLE_STRICT_OBJC_MSGSEND = YES;
				ENABLE_TESTABILITY = YES;
				GCC_C_LANGUAGE_STANDARD = gnu11;
				GCC_DYNAMIC_NO_PIC = NO;
				GCC_NO_COMMON_BLOCKS = YES;
				GCC_OPTIMIZATION_LEVEL = 0;
				GCC_PREPROCESSOR_DEFINITIONS = (
					"DEBUG=1",
					"$(inherited)",
				);
				GCC_WARN_64_TO_32_BIT_CONVERSION = YES;
				GCC_WARN_ABOUT_RETURN_TYPE = YES_ERROR;
				GCC_WARN_UNDECLARED_SELECTOR = YES;
				GCC_WARN_UNINITIALIZED_AUTOS = YES_AGGRESSIVE;
				GCC_WARN_UNUSED_FUNCTION = YES;
				GCC_WARN_UNUSED_VARIABLE = YES;
				IPHONEOS_DEPLOYMENT_TARGET = 14.4;
				MTL_ENABLE_DEBUG_INFO = INCLUDE_SOURCE;
				MTL_FAST_MATH = YES;
				ONLY_ACTIVE_ARCH = YES;
				SDKROOT = iphoneos;
				SWIFT_ACTIVE_COMPILATION_CONDITIONS = DEBUG;
				SWIFT_OPTIMIZATION_LEVEL = "-Onone";
			};
			name = Debug;
		};
		B5689C9B263624F00052908F /* Release */ = {
			isa = XCBuildConfiguration;
			buildSettings = {
				ALWAYS_SEARCH_USER_PATHS = NO;
				CLANG_ANALYZER_NONNULL = YES;
				CLANG_ANALYZER_NUMBER_OBJECT_CONVERSION = YES_AGGRESSIVE;
				CLANG_CXX_LANGUAGE_STANDARD = "gnu++14";
				CLANG_CXX_LIBRARY = "libc++";
				CLANG_ENABLE_MODULES = YES;
				CLANG_ENABLE_OBJC_ARC = YES;
				CLANG_ENABLE_OBJC_WEAK = YES;
				CLANG_WARN_BLOCK_CAPTURE_AUTORELEASING = YES;
				CLANG_WARN_BOOL_CONVERSION = YES;
				CLANG_WARN_COMMA = YES;
				CLANG_WARN_CONSTANT_CONVERSION = YES;
				CLANG_WARN_DEPRECATED_OBJC_IMPLEMENTATIONS = YES;
				CLANG_WARN_DIRECT_OBJC_ISA_USAGE = YES_ERROR;
				CLANG_WARN_DOCUMENTATION_COMMENTS = YES;
				CLANG_WARN_EMPTY_BODY = YES;
				CLANG_WARN_ENUM_CONVERSION = YES;
				CLANG_WARN_INFINITE_RECURSION = YES;
				CLANG_WARN_INT_CONVERSION = YES;
				CLANG_WARN_NON_LITERAL_NULL_CONVERSION = YES;
				CLANG_WARN_OBJC_IMPLICIT_RETAIN_SELF = YES;
				CLANG_WARN_OBJC_LITERAL_CONVERSION = YES;
				CLANG_WARN_OBJC_ROOT_CLASS = YES_ERROR;
				CLANG_WARN_QUOTED_INCLUDE_IN_FRAMEWORK_HEADER = YES;
				CLANG_WARN_RANGE_LOOP_ANALYSIS = YES;
				CLANG_WARN_STRICT_PROTOTYPES = YES;
				CLANG_WARN_SUSPICIOUS_MOVE = YES;
				CLANG_WARN_UNGUARDED_AVAILABILITY = YES_AGGRESSIVE;
				CLANG_WARN_UNREACHABLE_CODE = YES;
				CLANG_WARN__DUPLICATE_METHOD_MATCH = YES;
				COPY_PHASE_STRIP = NO;
				DEBUG_INFORMATION_FORMAT = "dwarf-with-dsym";
				ENABLE_NS_ASSERTIONS = NO;
				ENABLE_STRICT_OBJC_MSGSEND = YES;
				GCC_C_LANGUAGE_STANDARD = gnu11;
				GCC_NO_COMMON_BLOCKS = YES;
				GCC_WARN_64_TO_32_BIT_CONVERSION = YES;
				GCC_WARN_ABOUT_RETURN_TYPE = YES_ERROR;
				GCC_WARN_UNDECLARED_SELECTOR = YES;
				GCC_WARN_UNINITIALIZED_AUTOS = YES_AGGRESSIVE;
				GCC_WARN_UNUSED_FUNCTION = YES;
				GCC_WARN_UNUSED_VARIABLE = YES;
				IPHONEOS_DEPLOYMENT_TARGET = 14.4;
				MTL_ENABLE_DEBUG_INFO = NO;
				MTL_FAST_MATH = YES;
				SDKROOT = iphoneos;
				SWIFT_COMPILATION_MODE = wholemodule;
				SWIFT_OPTIMIZATION_LEVEL = "-O";
				VALIDATE_PRODUCT = YES;
			};
			name = Release;
		};
		B5689C9D263624F00052908F /* Debug */ = {
			isa = XCBuildConfiguration;
			buildSettings = {
				ASSETCATALOG_COMPILER_APPICON_NAME = AppIcon;
				ASSETCATALOG_COMPILER_GLOBAL_ACCENT_COLOR_NAME = AccentColor;
				CODE_SIGN_STYLE = Automatic;
				DEVELOPMENT_ASSET_PATHS = "\"moodCalendar/Preview Content\"";
				ENABLE_PREVIEWS = YES;
				INFOPLIST_FILE = moodCalendar/Info.plist;
				LD_RUNPATH_SEARCH_PATHS = (
					"$(inherited)",
					"@executable_path/Frameworks",
				);
				PRODUCT_BUNDLE_IDENTIFIER = bkchang.moodCalendar;
				PRODUCT_NAME = "$(TARGET_NAME)";
				SWIFT_VERSION = 5.0;
				TARGETED_DEVICE_FAMILY = "1,2";
			};
			name = Debug;
		};
		B5689C9E263624F00052908F /* Release */ = {
			isa = XCBuildConfiguration;
			buildSettings = {
				ASSETCATALOG_COMPILER_APPICON_NAME = AppIcon;
				ASSETCATALOG_COMPILER_GLOBAL_ACCENT_COLOR_NAME = AccentColor;
				CODE_SIGN_STYLE = Automatic;
				DEVELOPMENT_ASSET_PATHS = "\"moodCalendar/Preview Content\"";
				ENABLE_PREVIEWS = YES;
				INFOPLIST_FILE = moodCalendar/Info.plist;
				LD_RUNPATH_SEARCH_PATHS = (
					"$(inherited)",
					"@executable_path/Frameworks",
				);
				PRODUCT_BUNDLE_IDENTIFIER = bkchang.moodCalendar;
				PRODUCT_NAME = "$(TARGET_NAME)";
				SWIFT_VERSION = 5.0;
				TARGETED_DEVICE_FAMILY = "1,2";
			};
			name = Release;
		};
		B5689CA0263624F00052908F /* Debug */ = {
			isa = XCBuildConfiguration;
			buildSettings = {
				ALWAYS_EMBED_SWIFT_STANDARD_LIBRARIES = YES;
				BUNDLE_LOADER = "$(TEST_HOST)";
				CODE_SIGN_STYLE = Automatic;
				INFOPLIST_FILE = moodCalendarTests/Info.plist;
				IPHONEOS_DEPLOYMENT_TARGET = 14.4;
				LD_RUNPATH_SEARCH_PATHS = (
					"$(inherited)",
					"@executable_path/Frameworks",
					"@loader_path/Frameworks",
				);
				PRODUCT_BUNDLE_IDENTIFIER = bkchang.moodCalendarTests;
				PRODUCT_NAME = "$(TARGET_NAME)";
				SWIFT_VERSION = 5.0;
				TARGETED_DEVICE_FAMILY = "1,2";
				TEST_HOST = "$(BUILT_PRODUCTS_DIR)/moodCalendar.app/moodCalendar";
			};
			name = Debug;
		};
		B5689CA1263624F00052908F /* Release */ = {
			isa = XCBuildConfiguration;
			buildSettings = {
				ALWAYS_EMBED_SWIFT_STANDARD_LIBRARIES = YES;
				BUNDLE_LOADER = "$(TEST_HOST)";
				CODE_SIGN_STYLE = Automatic;
				INFOPLIST_FILE = moodCalendarTests/Info.plist;
				IPHONEOS_DEPLOYMENT_TARGET = 14.4;
				LD_RUNPATH_SEARCH_PATHS = (
					"$(inherited)",
					"@executable_path/Frameworks",
					"@loader_path/Frameworks",
				);
				PRODUCT_BUNDLE_IDENTIFIER = bkchang.moodCalendarTests;
				PRODUCT_NAME = "$(TARGET_NAME)";
				SWIFT_VERSION = 5.0;
				TARGETED_DEVICE_FAMILY = "1,2";
				TEST_HOST = "$(BUILT_PRODUCTS_DIR)/moodCalendar.app/moodCalendar";
			};
			name = Release;
		};
		B5689CA3263624F00052908F /* Debug */ = {
			isa = XCBuildConfiguration;
			buildSettings = {
				ALWAYS_EMBED_SWIFT_STANDARD_LIBRARIES = YES;
				CODE_SIGN_STYLE = Automatic;
				INFOPLIST_FILE = moodCalendarUITests/Info.plist;
				LD_RUNPATH_SEARCH_PATHS = (
					"$(inherited)",
					"@executable_path/Frameworks",
					"@loader_path/Frameworks",
				);
				PRODUCT_BUNDLE_IDENTIFIER = bkchang.moodCalendarUITests;
				PRODUCT_NAME = "$(TARGET_NAME)";
				SWIFT_VERSION = 5.0;
				TARGETED_DEVICE_FAMILY = "1,2";
				TEST_TARGET_NAME = moodCalendar;
			};
			name = Debug;
		};
		B5689CA4263624F00052908F /* Release */ = {
			isa = XCBuildConfiguration;
			buildSettings = {
				ALWAYS_EMBED_SWIFT_STANDARD_LIBRARIES = YES;
				CODE_SIGN_STYLE = Automatic;
				INFOPLIST_FILE = moodCalendarUITests/Info.plist;
				LD_RUNPATH_SEARCH_PATHS = (
					"$(inherited)",
					"@executable_path/Frameworks",
					"@loader_path/Frameworks",
				);
				PRODUCT_BUNDLE_IDENTIFIER = bkchang.moodCalendarUITests;
				PRODUCT_NAME = "$(TARGET_NAME)";
				SWIFT_VERSION = 5.0;
				TARGETED_DEVICE_FAMILY = "1,2";
				TEST_TARGET_NAME = moodCalendar;
			};
			name = Release;
		};
/* End XCBuildConfiguration section */

/* Begin XCConfigurationList section */
		B5689C6D263624EE0052908F /* Build configuration list for PBXProject "moodCalendar" */ = {
			isa = XCConfigurationList;
			buildConfigurations = (
				B5689C9A263624F00052908F /* Debug */,
				B5689C9B263624F00052908F /* Release */,
			);
			defaultConfigurationIsVisible = 0;
			defaultConfigurationName = Release;
		};
		B5689C9C263624F00052908F /* Build configuration list for PBXNativeTarget "moodCalendar" */ = {
			isa = XCConfigurationList;
			buildConfigurations = (
				B5689C9D263624F00052908F /* Debug */,
				B5689C9E263624F00052908F /* Release */,
			);
			defaultConfigurationIsVisible = 0;
			defaultConfigurationName = Release;
		};
		B5689C9F263624F00052908F /* Build configuration list for PBXNativeTarget "moodCalendarTests" */ = {
			isa = XCConfigurationList;
			buildConfigurations = (
				B5689CA0263624F00052908F /* Debug */,
				B5689CA1263624F00052908F /* Release */,
			);
			defaultConfigurationIsVisible = 0;
			defaultConfigurationName = Release;
		};
		B5689CA2263624F00052908F /* Build configuration list for PBXNativeTarget "moodCalendarUITests" */ = {
			isa = XCConfigurationList;
			buildConfigurations = (
				B5689CA3263624F00052908F /* Debug */,
				B5689CA4263624F00052908F /* Release */,
			);
			defaultConfigurationIsVisible = 0;
			defaultConfigurationName = Release;
		};
/* End XCConfigurationList section */
	};
	rootObject = B5689C6A263624EE0052908F /* Project object */;
}
